
Microsoft Visual Studio Solution File, Format Version 12.00
# Visual Studio Version 17
VisualStudioVersion = 17.10.34928.147
MinimumVisualStudioVersion = 10.0.40219.1
Project("{FAE04EC0-301F-11D3-BF4B-00C04F79EFBC}") = "MusicApi", "MusicApi\MusicApi.csproj", "{F9419A90-F3A3-431E-8ECA-821FACDAEDBD}"
EndProject
Global
	GlobalSection(SolutionConfigurationPlatforms) = preSolution
		Debug|Any CPU = Debug|Any CPU
		Release|Any CPU = Release|Any CPU
	EndGlobalSection
	GlobalSection(ProjectConfigurationPlatforms) = postSolution
		{F9419A90-F3A3-431E-8ECA-821FACDAEDBD}.Debug|Any CPU.ActiveCfg = Debug|Any CPU
		{F9419A90-F3A3-431E-8ECA-821FACDAEDBD}.Debug|Any CPU.Build.0 = Debug|Any CPU
		{F9419A90-F3A3-431E-8ECA-821FACDAEDBD}.Release|Any CPU.ActiveCfg = Release|Any CPU
		{F9419A90-F3A3-431E-8ECA-821FACDAEDBD}.Release|Any CPU.Build.0 = Release|Any CPU
	EndGlobalSection
	GlobalSection(SolutionProperties) = preSolution
		HideSolutionNode = FALSE
	EndGlobalSection
	GlobalSection(ExtensibilityGlobals) = postSolution
		SolutionGuid = {F07E58BB-A627-4BCE-97DA-046CDA821921}
	EndGlobalSection
EndGlobal
